// !$*UTF8*$!
{
	archiveVersion = 1;
	classes = {
	};
	objectVersion = 55;
	objects = {

/* Begin PBXBuildFile section */
		25EE88FB2828351600176E13 /* main.cpp in Sources */ = {isa = PBXBuildFile; fileRef = 25EE88FA2828351600176E13 /* main.cpp */; };
		25EE8906282835F200176E13 /* VertexList.cpp in Sources */ = {isa = PBXBuildFile; fileRef = 25EE8904282835F200176E13 /* VertexList.cpp */; };
		25EE8909282835F800176E13 /* EdgeList.cpp in Sources */ = {isa = PBXBuildFile; fileRef = 25EE8907282835F800176E13 /* EdgeList.cpp */; };
		25EE890C282835FE00176E13 /* IncidentList.cpp in Sources */ = {isa = PBXBuildFile; fileRef = 25EE890A282835FE00176E13 /* IncidentList.cpp */; };
		25EE890F2828360300176E13 /* Matrix.cpp in Sources */ = {isa = PBXBuildFile; fileRef = 25EE890D2828360300176E13 /* Matrix.cpp */; };
		25EE89122828360D00176E13 /* Algotithm.cpp in Sources */ = {isa = PBXBuildFile; fileRef = 25EE89102828360D00176E13 /* Algotithm.cpp */; };
		25EE8915282BC3FE00176E13 /* VertexMatrix.cpp in Sources */ = {isa = PBXBuildFile; fileRef = 25EE8913282BC3FE00176E13 /* VertexMatrix.cpp */; };
		25EE8918282BC41200176E13 /* EdgeMatrix.cpp in Sources */ = {isa = PBXBuildFile; fileRef = 25EE8916282BC41200176E13 /* EdgeMatrix.cpp */; };
/* End PBXBuildFile section */

/* Begin PBXCopyFilesBuildPhase section */
		25EE88F52828351600176E13 /* CopyFiles */ = {
			isa = PBXCopyFilesBuildPhase;
			buildActionMask = 2147483647;
			dstPath = /usr/share/man/man1/;
			dstSubfolderSpec = 0;
			files = (
			);
			runOnlyForDeploymentPostprocessing = 1;
		};
/* End PBXCopyFilesBuildPhase section */

/* Begin PBXFileReference section */
		25EE88F72828351600176E13 /* grafy */ = {isa = PBXFileReference; explicitFileType = "compiled.mach-o.executable"; includeInIndex = 0; path = grafy; sourceTree = BUILT_PRODUCTS_DIR; };
		25EE88FA2828351600176E13 /* main.cpp */ = {isa = PBXFileReference; lastKnownFileType = sourcecode.cpp.cpp; path = main.cpp; sourceTree = "<group>"; };
		25EE8904282835F200176E13 /* VertexList.cpp */ = {isa = PBXFileReference; lastKnownFileType = sourcecode.cpp.cpp; path = VertexList.cpp; sourceTree = SOURCE_ROOT; };
		25EE8905282835F200176E13 /* VertexList.hpp */ = {isa = PBXFileReference; lastKnownFileType = sourcecode.cpp.h; name = VertexList.hpp; path = grafy/inc/VertexList.hpp; sourceTree = SOURCE_ROOT; };
		25EE8907282835F800176E13 /* EdgeList.cpp */ = {isa = PBXFileReference; lastKnownFileType = sourcecode.cpp.cpp; path = EdgeList.cpp; sourceTree = "<group>"; };
		25EE8908282835F800176E13 /* EdgeList.hpp */ = {isa = PBXFileReference; lastKnownFileType = sourcecode.cpp.h; path = EdgeList.hpp; sourceTree = "<group>"; };
		25EE890A282835FE00176E13 /* IncidentList.cpp */ = {isa = PBXFileReference; lastKnownFileType = sourcecode.cpp.cpp; path = IncidentList.cpp; sourceTree = "<group>"; };
		25EE890B282835FE00176E13 /* IncidentList.hpp */ = {isa = PBXFileReference; lastKnownFileType = sourcecode.cpp.h; path = IncidentList.hpp; sourceTree = "<group>"; };
		25EE890D2828360300176E13 /* Matrix.cpp */ = {isa = PBXFileReference; lastKnownFileType = sourcecode.cpp.cpp; path = Matrix.cpp; sourceTree = "<group>"; };
		25EE890E2828360300176E13 /* Matrix.hpp */ = {isa = PBXFileReference; lastKnownFileType = sourcecode.cpp.h; path = Matrix.hpp; sourceTree = "<group>"; };
		25EE89102828360D00176E13 /* Algotithm.cpp */ = {isa = PBXFileReference; lastKnownFileType = sourcecode.cpp.cpp; path = Algotithm.cpp; sourceTree = "<group>"; };
		25EE89112828360D00176E13 /* Algorithm.hpp */ = {isa = PBXFileReference; lastKnownFileType = sourcecode.cpp.h; path = Algorithm.hpp; sourceTree = "<group>"; };
		25EE8913282BC3FE00176E13 /* VertexMatrix.cpp */ = {isa = PBXFileReference; lastKnownFileType = sourcecode.cpp.cpp; name = VertexMatrix.cpp; path = grafy/src/VertexMatrix.cpp; sourceTree = SOURCE_ROOT; };
		25EE8914282BC3FE00176E13 /* VertexMatrix.hpp */ = {isa = PBXFileReference; lastKnownFileType = sourcecode.cpp.h; name = VertexMatrix.hpp; path = grafy/src/VertexMatrix.hpp; sourceTree = SOURCE_ROOT; };
		25EE8916282BC41200176E13 /* EdgeMatrix.cpp */ = {isa = PBXFileReference; lastKnownFileType = sourcecode.cpp.cpp; path = EdgeMatrix.cpp; sourceTree = "<group>"; };
		25EE8917282BC41200176E13 /* EdgeMatrix.hpp */ = {isa = PBXFileReference; lastKnownFileType = sourcecode.cpp.h; path = EdgeMatrix.hpp; sourceTree = "<group>"; };
/* End PBXFileReference section */

/* Begin PBXFrameworksBuildPhase section */
		25EE88F42828351600176E13 /* Frameworks */ = {
			isa = PBXFrameworksBuildPhase;
			buildActionMask = 2147483647;
			files = (
			);
			runOnlyForDeploymentPostprocessing = 0;
		};
/* End PBXFrameworksBuildPhase section */

/* Begin PBXGroup section */
		25EE88EE2828351600176E13 = {
			isa = PBXGroup;
			children = (
				25EE88F92828351600176E13 /* grafy */,
				25EE88F82828351600176E13 /* Products */,
			);
			sourceTree = "<group>";
		};
		25EE88F82828351600176E13 /* Products */ = {
			isa = PBXGroup;
			children = (
				25EE88F72828351600176E13 /* grafy */,
			);
			name = Products;
			sourceTree = "<group>";
		};
		25EE88F92828351600176E13 /* grafy */ = {
			isa = PBXGroup;
			children = (
				25EE8902282835CA00176E13 /* src */,
				25EE8903282835D200176E13 /* inc */,
			);
			path = grafy;
			sourceTree = "<group>";
		};
		25EE8902282835CA00176E13 /* src */ = {
			isa = PBXGroup;
			children = (
				25EE88FA2828351600176E13 /* main.cpp */,
				25EE8904282835F200176E13 /* VertexList.cpp */,
				25EE8913282BC3FE00176E13 /* VertexMatrix.cpp */,
				25EE8907282835F800176E13 /* EdgeList.cpp */,
				25EE8916282BC41200176E13 /* EdgeMatrix.cpp */,
				25EE890A282835FE00176E13 /* IncidentList.cpp */,
				25EE890D2828360300176E13 /* Matrix.cpp */,
				25EE89102828360D00176E13 /* Algotithm.cpp */,
			);
			path = src;
			sourceTree = "<group>";
		};
		25EE8903282835D200176E13 /* inc */ = {
			isa = PBXGroup;
			children = (
				25EE8905282835F200176E13 /* VertexList.hpp */,
				25EE8914282BC3FE00176E13 /* VertexMatrix.hpp */,
				25EE8908282835F800176E13 /* EdgeList.hpp */,
				25EE8917282BC41200176E13 /* EdgeMatrix.hpp */,
				25EE890B282835FE00176E13 /* IncidentList.hpp */,
				25EE890E2828360300176E13 /* Matrix.hpp */,
				25EE89112828360D00176E13 /* Algorithm.hpp */,
			);
			path = inc;
			sourceTree = "<group>";
		};
/* End PBXGroup section */

/* Begin PBXNativeTarget section */
		25EE88F62828351600176E13 /* grafy */ = {
			isa = PBXNativeTarget;
			buildConfigurationList = 25EE88FE2828351600176E13 /* Build configuration list for PBXNativeTarget "grafy" */;
			buildPhases = (
				25EE88F32828351600176E13 /* Sources */,
				25EE88F42828351600176E13 /* Frameworks */,
				25EE88F52828351600176E13 /* CopyFiles */,
			);
			buildRules = (
			);
			dependencies = (
			);
			name = grafy;
			productName = grafy;
			productReference = 25EE88F72828351600176E13 /* grafy */;
			productType = "com.apple.product-type.tool";
		};
/* End PBXNativeTarget section */

/* Begin PBXProject section */
		25EE88EF2828351600176E13 /* Project object */ = {
			isa = PBXProject;
			attributes = {
				BuildIndependentTargetsInParallel = 1;
				LastUpgradeCheck = 1330;
				TargetAttributes = {
					25EE88F62828351600176E13 = {
						CreatedOnToolsVersion = 13.3.1;
					};
				};
			};
			buildConfigurationList = 25EE88F22828351600176E13 /* Build configuration list for PBXProject "grafy" */;
			compatibilityVersion = "Xcode 13.0";
			developmentRegion = en;
			hasScannedForEncodings = 0;
			knownRegions = (
				en,
				Base,
			);
			mainGroup = 25EE88EE2828351600176E13;
			productRefGroup = 25EE88F82828351600176E13 /* Products */;
			projectDirPath = "";
			projectRoot = "";
			targets = (
				25EE88F62828351600176E13 /* grafy */,
			);
		};
/* End PBXProject section */

/* Begin PBXSourcesBuildPhase section */
		25EE88F32828351600176E13 /* Sources */ = {
			isa = PBXSourcesBuildPhase;
			buildActionMask = 2147483647;
			files = (
				25EE8915282BC3FE00176E13 /* VertexMatrix.cpp in Sources */,
				25EE8918282BC41200176E13 /* EdgeMatrix.cpp in Sources */,
				25EE890F2828360300176E13 /* Matrix.cpp in Sources */,
				25EE88FB2828351600176E13 /* main.cpp in Sources */,
				25EE89122828360D00176E13 /* Algotithm.cpp in Sources */,
				25EE8909282835F800176E13 /* EdgeList.cpp in Sources */,
				25EE8906282835F200176E13 /* VertexList.cpp in Sources */,
				25EE890C282835FE00176E13 /* IncidentList.cpp in Sources */,
			);
			runOnlyForDeploymentPostprocessing = 0;
		};
/* End PBXSourcesBuildPhase section */

/* Begin XCBuildConfiguration section */
		25EE88FC2828351600176E13 /* Debug */ = {
			isa = XCBuildConfiguration;
			buildSettings = {
				ALWAYS_SEARCH_USER_PATHS = NO;
				CLANG_ANALYZER_NONNULL = YES;
				CLANG_ANALYZER_NUMBER_OBJECT_CONVERSION = YES_AGGRESSIVE;
				CLANG_CXX_LANGUAGE_STANDARD = "gnu++17";
				CLANG_ENABLE_MODULES = YES;
				CLANG_ENABLE_OBJC_ARC = YES;
				CLANG_ENABLE_OBJC_WEAK = YES;
				CLANG_WARN_BLOCK_CAPTURE_AUTORELEASING = YES;
				CLANG_WARN_BOOL_CONVERSION = YES;
				CLANG_WARN_COMMA = YES;
				CLANG_WARN_CONSTANT_CONVERSION = YES;
				CLANG_WARN_DEPRECATED_OBJC_IMPLEMENTATIONS = YES;
				CLANG_WARN_DIRECT_OBJC_ISA_USAGE = YES_ERROR;
				CLANG_WARN_DOCUMENTATION_COMMENTS = YES;
				CLANG_WARN_EMPTY_BODY = YES;
				CLANG_WARN_ENUM_CONVERSION = YES;
				CLANG_WARN_INFINITE_RECURSION = YES;
				CLANG_WARN_INT_CONVERSION = YES;
				CLANG_WARN_NON_LITERAL_NULL_CONVERSION = YES;
				CLANG_WARN_OBJC_IMPLICIT_RETAIN_SELF = YES;
				CLANG_WARN_OBJC_LITERAL_CONVERSION = YES;
				CLANG_WARN_OBJC_ROOT_CLASS = YES_ERROR;
				CLANG_WARN_QUOTED_INCLUDE_IN_FRAMEWORK_HEADER = YES;
				CLANG_WARN_RANGE_LOOP_ANALYSIS = YES;
				CLANG_WARN_STRICT_PROTOTYPES = YES;
				CLANG_WARN_SUSPICIOUS_MOVE = YES;
				CLANG_WARN_UNGUARDED_AVAILABILITY = YES_AGGRESSIVE;
				CLANG_WARN_UNREACHABLE_CODE = YES;
				CLANG_WARN__DUPLICATE_METHOD_MATCH = YES;
				COPY_PHASE_STRIP = NO;
				DEBUG_INFORMATION_FORMAT = dwarf;
				ENABLE_STRICT_OBJC_MSGSEND = YES;
				ENABLE_TESTABILITY = YES;
				GCC_C_LANGUAGE_STANDARD = gnu11;
				GCC_DYNAMIC_NO_PIC = NO;
				GCC_NO_COMMON_BLOCKS = YES;
				GCC_OPTIMIZATION_LEVEL = 0;
				GCC_PREPROCESSOR_DEFINITIONS = (
					"DEBUG=1",
					"$(inherited)",
				);
				GCC_WARN_64_TO_32_BIT_CONVERSION = YES;
				GCC_WARN_ABOUT_RETURN_TYPE = YES_ERROR;
				GCC_WARN_UNDECLARED_SELECTOR = YES;
				GCC_WARN_UNINITIALIZED_AUTOS = YES_AGGRESSIVE;
				GCC_WARN_UNUSED_FUNCTION = YES;
				GCC_WARN_UNUSED_VARIABLE = YES;
				MACOSX_DEPLOYMENT_TARGET = 12.3;
				MTL_ENABLE_DEBUG_INFO = INCLUDE_SOURCE;
				MTL_FAST_MATH = YES;
				ONLY_ACTIVE_ARCH = YES;
				SDKROOT = macosx;
			};
			name = Debug;
		};
		25EE88FD2828351600176E13 /* Release */ = {
			isa = XCBuildConfiguration;
			buildSettings = {
				ALWAYS_SEARCH_USER_PATHS = NO;
				CLANG_ANALYZER_NONNULL = YES;
				CLANG_ANALYZER_NUMBER_OBJECT_CONVERSION = YES_AGGRESSIVE;
				CLANG_CXX_LANGUAGE_STANDARD = "gnu++17";
				CLANG_ENABLE_MODULES = YES;
				CLANG_ENABLE_OBJC_ARC = YES;
				CLANG_ENABLE_OBJC_WEAK = YES;
				CLANG_WARN_BLOCK_CAPTURE_AUTORELEASING = YES;
				CLANG_WARN_BOOL_CONVERSION = YES;
				CLANG_WARN_COMMA = YES;
				CLANG_WARN_CONSTANT_CONVERSION = YES;
				CLANG_WARN_DEPRECATED_OBJC_IMPLEMENTATIONS = YES;
				CLANG_WARN_DIRECT_OBJC_ISA_USAGE = YES_ERROR;
				CLANG_WARN_DOCUMENTATION_COMMENTS = YES;
				CLANG_WARN_EMPTY_BODY = YES;
				CLANG_WARN_ENUM_CONVERSION = YES;
				CLANG_WARN_INFINITE_RECURSION = YES;
				CLANG_WARN_INT_CONVERSION = YES;
				CLANG_WARN_NON_LITERAL_NULL_CONVERSION = YES;
				CLANG_WARN_OBJC_IMPLICIT_RETAIN_SELF = YES;
				CLANG_WARN_OBJC_LITERAL_CONVERSION = YES;
				CLANG_WARN_OBJC_ROOT_CLASS = YES_ERROR;
				CLANG_WARN_QUOTED_INCLUDE_IN_FRAMEWORK_HEADER = YES;
				CLANG_WARN_RANGE_LOOP_ANALYSIS = YES;
				CLANG_WARN_STRICT_PROTOTYPES = YES;
				CLANG_WARN_SUSPICIOUS_MOVE = YES;
				CLANG_WARN_UNGUARDED_AVAILABILITY = YES_AGGRESSIVE;
				CLANG_WARN_UNREACHABLE_CODE = YES;
				CLANG_WARN__DUPLICATE_METHOD_MATCH = YES;
				COPY_PHASE_STRIP = NO;
				DEBUG_INFORMATION_FORMAT = "dwarf-with-dsym";
				ENABLE_NS_ASSERTIONS = NO;
				ENABLE_STRICT_OBJC_MSGSEND = YES;
				GCC_C_LANGUAGE_STANDARD = gnu11;
				GCC_NO_COMMON_BLOCKS = YES;
				GCC_WARN_64_TO_32_BIT_CONVERSION = YES;
				GCC_WARN_ABOUT_RETURN_TYPE = YES_ERROR;
				GCC_WARN_UNDECLARED_SELECTOR = YES;
				GCC_WARN_UNINITIALIZED_AUTOS = YES_AGGRESSIVE;
				GCC_WARN_UNUSED_FUNCTION = YES;
				GCC_WARN_UNUSED_VARIABLE = YES;
				MACOSX_DEPLOYMENT_TARGET = 12.3;
				MTL_ENABLE_DEBUG_INFO = NO;
				MTL_FAST_MATH = YES;
				SDKROOT = macosx;
			};
			name = Release;
		};
		25EE88FF2828351600176E13 /* Debug */ = {
			isa = XCBuildConfiguration;
			buildSettings = {
				CODE_SIGN_STYLE = Automatic;
				DEVELOPMENT_TEAM = Q6DXJ6J4G8;
				ENABLE_HARDENED_RUNTIME = YES;
				PRODUCT_NAME = "$(TARGET_NAME)";
			};
			name = Debug;
		};
		25EE89002828351600176E13 /* Release */ = {
			isa = XCBuildConfiguration;
			buildSettings = {
				CODE_SIGN_STYLE = Automatic;
				DEVELOPMENT_TEAM = Q6DXJ6J4G8;
				ENABLE_HARDENED_RUNTIME = YES;
				PRODUCT_NAME = "$(TARGET_NAME)";
			};
			name = Release;
		};
/* End XCBuildConfiguration section */

/* Begin XCConfigurationList section */
		25EE88F22828351600176E13 /* Build configuration list for PBXProject "grafy" */ = {
			isa = XCConfigurationList;
			buildConfigurations = (
				25EE88FC2828351600176E13 /* Debug */,
				25EE88FD2828351600176E13 /* Release */,
			);
			defaultConfigurationIsVisible = 0;
			defaultConfigurationName = Release;
		};
		25EE88FE2828351600176E13 /* Build configuration list for PBXNativeTarget "grafy" */ = {
			isa = XCConfigurationList;
			buildConfigurations = (
				25EE88FF2828351600176E13 /* Debug */,
				25EE89002828351600176E13 /* Release */,
			);
			defaultConfigurationIsVisible = 0;
			defaultConfigurationName = Release;
		};
/* End XCConfigurationList section */
	};
	rootObject = 25EE88EF2828351600176E13 /* Project object */;
}
